
Microsoft Visual Studio Solution File, Format Version 12.00
# Visual Studio 2013
VisualStudioVersion = 12.0.40629.0
MinimumVisualStudioVersion = 10.0.40219.1
Project("{8BC9CEB8-8B4A-11D0-8D11-00A0C91BC942}") = "01.OverloadOperators", "01.OverloadOperators\01.OverloadOperators.vcxproj", "{B46B16C1-49DB-4182-8B72-4D4481D5C1E6}"
EndProject
Project("{8BC9CEB8-8B4A-11D0-8D11-00A0C91BC942}") = "02.Excercise", "02.Excercise\02.Excercise.vcxproj", "{0D39E503-0CC6-449B-BAF4-B0DB6B3B3A97}"
EndProject
Global
	GlobalSection(SolutionConfigurationPlatforms) = preSolution
		Debug|Win32 = Debug|Win32
		Release|Win32 = Release|Win32
	EndGlobalSection
	GlobalSection(ProjectConfigurationPlatforms) = postSolution
		{B46B16C1-49DB-4182-8B72-4D4481D5C1E6}.Debug|Win32.ActiveCfg = Debug|Win32
		{B46B16C1-49DB-4182-8B72-4D4481D5C1E6}.Debug|Win32.Build.0 = Debug|Win32
		{B46B16C1-49DB-4182-8B72-4D4481D5C1E6}.Release|Win32.ActiveCfg = Release|Win32
		{B46B16C1-49DB-4182-8B72-4D4481D5C1E6}.Release|Win32.Build.0 = Release|Win32
		{0D39E503-0CC6-449B-BAF4-B0DB6B3B3A97}.Debug|Win32.ActiveCfg = Debug|Win32
		{0D39E503-0CC6-449B-BAF4-B0DB6B3B3A97}.Debug|Win32.Build.0 = Debug|Win32
		{0D39E503-0CC6-449B-BAF4-B0DB6B3B3A97}.Release|Win32.ActiveCfg = Release|Win32
		{0D39E503-0CC6-449B-BAF4-B0DB6B3B3A97}.Release|Win32.Build.0 = Release|Win32
	EndGlobalSection
	GlobalSection(SolutionProperties) = preSolution
		HideSolutionNode = FALSE
	EndGlobalSection
EndGlobal
