
Microsoft Visual Studio Solution File, Format Version 12.00
# Visual Studio 14
VisualStudioVersion = 14.0.23107.0
MinimumVisualStudioVersion = 10.0.40219.1
Project("{8BC9CEB8-8B4A-11D0-8D11-00A0C91BC942}") = "01.Sets", "01.Sets\01.Sets.vcxproj", "{4A591C2A-93A3-4A01-82E8-B54B49E44FAE}"
EndProject
Project("{8BC9CEB8-8B4A-11D0-8D11-00A0C91BC942}") = "02.Maps", "02.Maps\02.Maps.vcxproj", "{B45058E3-0603-4CB7-85BB-5013CAEF15A6}"
EndProject
Global
	GlobalSection(SolutionConfigurationPlatforms) = preSolution
		Debug|x64 = Debug|x64
		Debug|x86 = Debug|x86
		Release|x64 = Release|x64
		Release|x86 = Release|x86
	EndGlobalSection
	GlobalSection(ProjectConfigurationPlatforms) = postSolution
		{4A591C2A-93A3-4A01-82E8-B54B49E44FAE}.Debug|x64.ActiveCfg = Debug|x64
		{4A591C2A-93A3-4A01-82E8-B54B49E44FAE}.Debug|x64.Build.0 = Debug|x64
		{4A591C2A-93A3-4A01-82E8-B54B49E44FAE}.Debug|x86.ActiveCfg = Debug|Win32
		{4A591C2A-93A3-4A01-82E8-B54B49E44FAE}.Debug|x86.Build.0 = Debug|Win32
		{4A591C2A-93A3-4A01-82E8-B54B49E44FAE}.Release|x64.ActiveCfg = Release|x64
		{4A591C2A-93A3-4A01-82E8-B54B49E44FAE}.Release|x64.Build.0 = Release|x64
		{4A591C2A-93A3-4A01-82E8-B54B49E44FAE}.Release|x86.ActiveCfg = Release|Win32
		{4A591C2A-93A3-4A01-82E8-B54B49E44FAE}.Release|x86.Build.0 = Release|Win32
		{B45058E3-0603-4CB7-85BB-5013CAEF15A6}.Debug|x64.ActiveCfg = Debug|x64
		{B45058E3-0603-4CB7-85BB-5013CAEF15A6}.Debug|x64.Build.0 = Debug|x64
		{B45058E3-0603-4CB7-85BB-5013CAEF15A6}.Debug|x86.ActiveCfg = Debug|Win32
		{B45058E3-0603-4CB7-85BB-5013CAEF15A6}.Debug|x86.Build.0 = Debug|Win32
		{B45058E3-0603-4CB7-85BB-5013CAEF15A6}.Release|x64.ActiveCfg = Release|x64
		{B45058E3-0603-4CB7-85BB-5013CAEF15A6}.Release|x64.Build.0 = Release|x64
		{B45058E3-0603-4CB7-85BB-5013CAEF15A6}.Release|x86.ActiveCfg = Release|Win32
		{B45058E3-0603-4CB7-85BB-5013CAEF15A6}.Release|x86.Build.0 = Release|Win32
	EndGlobalSection
	GlobalSection(SolutionProperties) = preSolution
		HideSolutionNode = FALSE
	EndGlobalSection
EndGlobal
