
Microsoft Visual Studio Solution File, Format Version 12.00
# Visual Studio 14
VisualStudioVersion = 14.0.23107.0
MinimumVisualStudioVersion = 10.0.40219.1
Project("{8BC9CEB8-8B4A-11D0-8D11-00A0C91BC942}") = "01.InheritanceAgain", "01.InheritanceAgain\01.InheritanceAgain.vcxproj", "{CC5F0B76-482F-46AF-AF4D-373DA6855DE9}"
EndProject
Project("{F088123C-0E9E-452A-89E6-6BA2F21D5CAC}") = "HW17", "HW17\HW17.modelproj", "{FB67C83C-9E5D-4A18-B1FF-3BD8AA1F03DA}"
EndProject
Project("{8BC9CEB8-8B4A-11D0-8D11-00A0C91BC942}") = "02.HomeWork17", "02.HomeWork17\02.HomeWork17.vcxproj", "{B14FD924-AC04-4315-A238-B5863DDDA477}"
EndProject
Global
	GlobalSection(SolutionConfigurationPlatforms) = preSolution
		Debug|Any CPU = Debug|Any CPU
		Debug|x64 = Debug|x64
		Debug|x86 = Debug|x86
		Release|Any CPU = Release|Any CPU
		Release|x64 = Release|x64
		Release|x86 = Release|x86
	EndGlobalSection
	GlobalSection(ProjectConfigurationPlatforms) = postSolution
		{CC5F0B76-482F-46AF-AF4D-373DA6855DE9}.Debug|Any CPU.ActiveCfg = Debug|Win32
		{CC5F0B76-482F-46AF-AF4D-373DA6855DE9}.Debug|x64.ActiveCfg = Debug|x64
		{CC5F0B76-482F-46AF-AF4D-373DA6855DE9}.Debug|x64.Build.0 = Debug|x64
		{CC5F0B76-482F-46AF-AF4D-373DA6855DE9}.Debug|x86.ActiveCfg = Debug|Win32
		{CC5F0B76-482F-46AF-AF4D-373DA6855DE9}.Debug|x86.Build.0 = Debug|Win32
		{CC5F0B76-482F-46AF-AF4D-373DA6855DE9}.Release|Any CPU.ActiveCfg = Release|Win32
		{CC5F0B76-482F-46AF-AF4D-373DA6855DE9}.Release|x64.ActiveCfg = Release|x64
		{CC5F0B76-482F-46AF-AF4D-373DA6855DE9}.Release|x64.Build.0 = Release|x64
		{CC5F0B76-482F-46AF-AF4D-373DA6855DE9}.Release|x86.ActiveCfg = Release|Win32
		{CC5F0B76-482F-46AF-AF4D-373DA6855DE9}.Release|x86.Build.0 = Release|Win32
		{FB67C83C-9E5D-4A18-B1FF-3BD8AA1F03DA}.Debug|Any CPU.ActiveCfg = Debug|Any CPU
		{FB67C83C-9E5D-4A18-B1FF-3BD8AA1F03DA}.Debug|Any CPU.Build.0 = Debug|Any CPU
		{FB67C83C-9E5D-4A18-B1FF-3BD8AA1F03DA}.Debug|x64.ActiveCfg = Debug|Any CPU
		{FB67C83C-9E5D-4A18-B1FF-3BD8AA1F03DA}.Debug|x64.Build.0 = Debug|Any CPU
		{FB67C83C-9E5D-4A18-B1FF-3BD8AA1F03DA}.Debug|x86.ActiveCfg = Debug|Any CPU
		{FB67C83C-9E5D-4A18-B1FF-3BD8AA1F03DA}.Debug|x86.Build.0 = Debug|Any CPU
		{FB67C83C-9E5D-4A18-B1FF-3BD8AA1F03DA}.Release|Any CPU.ActiveCfg = Release|Any CPU
		{FB67C83C-9E5D-4A18-B1FF-3BD8AA1F03DA}.Release|Any CPU.Build.0 = Release|Any CPU
		{FB67C83C-9E5D-4A18-B1FF-3BD8AA1F03DA}.Release|x64.ActiveCfg = Release|Any CPU
		{FB67C83C-9E5D-4A18-B1FF-3BD8AA1F03DA}.Release|x64.Build.0 = Release|Any CPU
		{FB67C83C-9E5D-4A18-B1FF-3BD8AA1F03DA}.Release|x86.ActiveCfg = Release|Any CPU
		{FB67C83C-9E5D-4A18-B1FF-3BD8AA1F03DA}.Release|x86.Build.0 = Release|Any CPU
		{B14FD924-AC04-4315-A238-B5863DDDA477}.Debug|Any CPU.ActiveCfg = Debug|Win32
		{B14FD924-AC04-4315-A238-B5863DDDA477}.Debug|x64.ActiveCfg = Debug|x64
		{B14FD924-AC04-4315-A238-B5863DDDA477}.Debug|x64.Build.0 = Debug|x64
		{B14FD924-AC04-4315-A238-B5863DDDA477}.Debug|x86.ActiveCfg = Debug|Win32
		{B14FD924-AC04-4315-A238-B5863DDDA477}.Debug|x86.Build.0 = Debug|Win32
		{B14FD924-AC04-4315-A238-B5863DDDA477}.Release|Any CPU.ActiveCfg = Release|Win32
		{B14FD924-AC04-4315-A238-B5863DDDA477}.Release|x64.ActiveCfg = Release|x64
		{B14FD924-AC04-4315-A238-B5863DDDA477}.Release|x64.Build.0 = Release|x64
		{B14FD924-AC04-4315-A238-B5863DDDA477}.Release|x86.ActiveCfg = Release|Win32
		{B14FD924-AC04-4315-A238-B5863DDDA477}.Release|x86.Build.0 = Release|Win32
	EndGlobalSection
	GlobalSection(SolutionProperties) = preSolution
		HideSolutionNode = FALSE
	EndGlobalSection
EndGlobal
