
Microsoft Visual Studio Solution File, Format Version 12.00
# Visual Studio 14
VisualStudioVersion = 14.0.23107.0
MinimumVisualStudioVersion = 10.0.40219.1
Project("{8BC9CEB8-8B4A-11D0-8D11-00A0C91BC942}") = "01.VirtualFunction", "01.VirtualFunction\01.VirtualFunction.vcxproj", "{6530A5EA-13D5-4DE0-B397-7792928B8E90}"
EndProject
Project("{8BC9CEB8-8B4A-11D0-8D11-00A0C91BC942}") = "02.MultipleInheritance", "02.MultipleInheritance\02.MultipleInheritance.vcxproj", "{93E3F51A-0E9D-419D-B2BA-BDAD16618DED}"
EndProject
Project("{8BC9CEB8-8B4A-11D0-8D11-00A0C91BC942}") = "03.InheirtanceTemplate", "03.InheirtanceTemplate\03.InheirtanceTemplate.vcxproj", "{ED353535-F48C-4269-B26A-AC10EDCAE778}"
EndProject
Project("{8BC9CEB8-8B4A-11D0-8D11-00A0C91BC942}") = "04.OverrideAndFinal", "04.OverrideAndFinal\04.OverrideAndFinal.vcxproj", "{12803549-232D-4716-B50B-30C528FBFCAA}"
EndProject
Global
	GlobalSection(SolutionConfigurationPlatforms) = preSolution
		Debug|x64 = Debug|x64
		Debug|x86 = Debug|x86
		Release|x64 = Release|x64
		Release|x86 = Release|x86
	EndGlobalSection
	GlobalSection(ProjectConfigurationPlatforms) = postSolution
		{6530A5EA-13D5-4DE0-B397-7792928B8E90}.Debug|x64.ActiveCfg = Debug|x64
		{6530A5EA-13D5-4DE0-B397-7792928B8E90}.Debug|x64.Build.0 = Debug|x64
		{6530A5EA-13D5-4DE0-B397-7792928B8E90}.Debug|x86.ActiveCfg = Debug|Win32
		{6530A5EA-13D5-4DE0-B397-7792928B8E90}.Debug|x86.Build.0 = Debug|Win32
		{6530A5EA-13D5-4DE0-B397-7792928B8E90}.Release|x64.ActiveCfg = Release|x64
		{6530A5EA-13D5-4DE0-B397-7792928B8E90}.Release|x64.Build.0 = Release|x64
		{6530A5EA-13D5-4DE0-B397-7792928B8E90}.Release|x86.ActiveCfg = Release|Win32
		{6530A5EA-13D5-4DE0-B397-7792928B8E90}.Release|x86.Build.0 = Release|Win32
		{93E3F51A-0E9D-419D-B2BA-BDAD16618DED}.Debug|x64.ActiveCfg = Debug|x64
		{93E3F51A-0E9D-419D-B2BA-BDAD16618DED}.Debug|x64.Build.0 = Debug|x64
		{93E3F51A-0E9D-419D-B2BA-BDAD16618DED}.Debug|x86.ActiveCfg = Debug|Win32
		{93E3F51A-0E9D-419D-B2BA-BDAD16618DED}.Debug|x86.Build.0 = Debug|Win32
		{93E3F51A-0E9D-419D-B2BA-BDAD16618DED}.Release|x64.ActiveCfg = Release|x64
		{93E3F51A-0E9D-419D-B2BA-BDAD16618DED}.Release|x64.Build.0 = Release|x64
		{93E3F51A-0E9D-419D-B2BA-BDAD16618DED}.Release|x86.ActiveCfg = Release|Win32
		{93E3F51A-0E9D-419D-B2BA-BDAD16618DED}.Release|x86.Build.0 = Release|Win32
		{ED353535-F48C-4269-B26A-AC10EDCAE778}.Debug|x64.ActiveCfg = Debug|x64
		{ED353535-F48C-4269-B26A-AC10EDCAE778}.Debug|x64.Build.0 = Debug|x64
		{ED353535-F48C-4269-B26A-AC10EDCAE778}.Debug|x86.ActiveCfg = Debug|Win32
		{ED353535-F48C-4269-B26A-AC10EDCAE778}.Debug|x86.Build.0 = Debug|Win32
		{ED353535-F48C-4269-B26A-AC10EDCAE778}.Release|x64.ActiveCfg = Release|x64
		{ED353535-F48C-4269-B26A-AC10EDCAE778}.Release|x64.Build.0 = Release|x64
		{ED353535-F48C-4269-B26A-AC10EDCAE778}.Release|x86.ActiveCfg = Release|Win32
		{ED353535-F48C-4269-B26A-AC10EDCAE778}.Release|x86.Build.0 = Release|Win32
		{12803549-232D-4716-B50B-30C528FBFCAA}.Debug|x64.ActiveCfg = Debug|x64
		{12803549-232D-4716-B50B-30C528FBFCAA}.Debug|x64.Build.0 = Debug|x64
		{12803549-232D-4716-B50B-30C528FBFCAA}.Debug|x86.ActiveCfg = Debug|Win32
		{12803549-232D-4716-B50B-30C528FBFCAA}.Debug|x86.Build.0 = Debug|Win32
		{12803549-232D-4716-B50B-30C528FBFCAA}.Release|x64.ActiveCfg = Release|x64
		{12803549-232D-4716-B50B-30C528FBFCAA}.Release|x64.Build.0 = Release|x64
		{12803549-232D-4716-B50B-30C528FBFCAA}.Release|x86.ActiveCfg = Release|Win32
		{12803549-232D-4716-B50B-30C528FBFCAA}.Release|x86.Build.0 = Release|Win32
	EndGlobalSection
	GlobalSection(SolutionProperties) = preSolution
		HideSolutionNode = FALSE
	EndGlobalSection
EndGlobal
