
Microsoft Visual Studio Solution File, Format Version 12.00
# Visual Studio 14
VisualStudioVersion = 14.0.23107.0
MinimumVisualStudioVersion = 10.0.40219.1
Project("{8BC9CEB8-8B4A-11D0-8D11-00A0C91BC942}") = "01.OverloadSelector", "01.OverloadSelector\01.OverloadSelector.vcxproj", "{3EFC9B23-8F71-469A-81EA-3AEB424AA94F}"
EndProject
Project("{8BC9CEB8-8B4A-11D0-8D11-00A0C91BC942}") = "02.SmatPointer", "02.SmatPointer\02.SmatPointer.vcxproj", "{A579D2F9-D9BF-4EBA-BEC6-F1F07A342266}"
EndProject
Project("{8BC9CEB8-8B4A-11D0-8D11-00A0C91BC942}") = "03.StaticData", "03.StaticData\03.StaticData.vcxproj", "{622903C7-1E0B-4F37-9B0D-900D1B09274F}"
EndProject
Project("{8BC9CEB8-8B4A-11D0-8D11-00A0C91BC942}") = "04.ExchangeMoney", "04.ExchangeMoney\04.ExchangeMoney.vcxproj", "{592F6B1E-431E-485D-B774-49E6FB2096B8}"
EndProject
Project("{8BC9CEB8-8B4A-11D0-8D11-00A0C91BC942}") = "05.StandartSmartPtr", "05.StandartSmartPtr\05.StandartSmartPtr.vcxproj", "{A1507DC2-9C56-4311-99A8-189BFAA049C8}"
EndProject
Project("{8BC9CEB8-8B4A-11D0-8D11-00A0C91BC942}") = "HomeWork", "HomeWork\HomeWork.vcxproj", "{6A0886C0-ABD4-4DAE-A093-9C0DB56E3442}"
EndProject
Global
	GlobalSection(SolutionConfigurationPlatforms) = preSolution
		Debug|x64 = Debug|x64
		Debug|x86 = Debug|x86
		Release|x64 = Release|x64
		Release|x86 = Release|x86
	EndGlobalSection
	GlobalSection(ProjectConfigurationPlatforms) = postSolution
		{3EFC9B23-8F71-469A-81EA-3AEB424AA94F}.Debug|x64.ActiveCfg = Debug|x64
		{3EFC9B23-8F71-469A-81EA-3AEB424AA94F}.Debug|x64.Build.0 = Debug|x64
		{3EFC9B23-8F71-469A-81EA-3AEB424AA94F}.Debug|x86.ActiveCfg = Debug|Win32
		{3EFC9B23-8F71-469A-81EA-3AEB424AA94F}.Debug|x86.Build.0 = Debug|Win32
		{3EFC9B23-8F71-469A-81EA-3AEB424AA94F}.Release|x64.ActiveCfg = Release|x64
		{3EFC9B23-8F71-469A-81EA-3AEB424AA94F}.Release|x64.Build.0 = Release|x64
		{3EFC9B23-8F71-469A-81EA-3AEB424AA94F}.Release|x86.ActiveCfg = Release|Win32
		{3EFC9B23-8F71-469A-81EA-3AEB424AA94F}.Release|x86.Build.0 = Release|Win32
		{A579D2F9-D9BF-4EBA-BEC6-F1F07A342266}.Debug|x64.ActiveCfg = Debug|x64
		{A579D2F9-D9BF-4EBA-BEC6-F1F07A342266}.Debug|x64.Build.0 = Debug|x64
		{A579D2F9-D9BF-4EBA-BEC6-F1F07A342266}.Debug|x86.ActiveCfg = Debug|Win32
		{A579D2F9-D9BF-4EBA-BEC6-F1F07A342266}.Debug|x86.Build.0 = Debug|Win32
		{A579D2F9-D9BF-4EBA-BEC6-F1F07A342266}.Release|x64.ActiveCfg = Release|x64
		{A579D2F9-D9BF-4EBA-BEC6-F1F07A342266}.Release|x64.Build.0 = Release|x64
		{A579D2F9-D9BF-4EBA-BEC6-F1F07A342266}.Release|x86.ActiveCfg = Release|Win32
		{A579D2F9-D9BF-4EBA-BEC6-F1F07A342266}.Release|x86.Build.0 = Release|Win32
		{622903C7-1E0B-4F37-9B0D-900D1B09274F}.Debug|x64.ActiveCfg = Debug|x64
		{622903C7-1E0B-4F37-9B0D-900D1B09274F}.Debug|x64.Build.0 = Debug|x64
		{622903C7-1E0B-4F37-9B0D-900D1B09274F}.Debug|x86.ActiveCfg = Debug|Win32
		{622903C7-1E0B-4F37-9B0D-900D1B09274F}.Debug|x86.Build.0 = Debug|Win32
		{622903C7-1E0B-4F37-9B0D-900D1B09274F}.Release|x64.ActiveCfg = Release|x64
		{622903C7-1E0B-4F37-9B0D-900D1B09274F}.Release|x64.Build.0 = Release|x64
		{622903C7-1E0B-4F37-9B0D-900D1B09274F}.Release|x86.ActiveCfg = Release|Win32
		{622903C7-1E0B-4F37-9B0D-900D1B09274F}.Release|x86.Build.0 = Release|Win32
		{592F6B1E-431E-485D-B774-49E6FB2096B8}.Debug|x64.ActiveCfg = Debug|x64
		{592F6B1E-431E-485D-B774-49E6FB2096B8}.Debug|x64.Build.0 = Debug|x64
		{592F6B1E-431E-485D-B774-49E6FB2096B8}.Debug|x86.ActiveCfg = Debug|Win32
		{592F6B1E-431E-485D-B774-49E6FB2096B8}.Debug|x86.Build.0 = Debug|Win32
		{592F6B1E-431E-485D-B774-49E6FB2096B8}.Release|x64.ActiveCfg = Release|x64
		{592F6B1E-431E-485D-B774-49E6FB2096B8}.Release|x64.Build.0 = Release|x64
		{592F6B1E-431E-485D-B774-49E6FB2096B8}.Release|x86.ActiveCfg = Release|Win32
		{592F6B1E-431E-485D-B774-49E6FB2096B8}.Release|x86.Build.0 = Release|Win32
		{A1507DC2-9C56-4311-99A8-189BFAA049C8}.Debug|x64.ActiveCfg = Debug|x64
		{A1507DC2-9C56-4311-99A8-189BFAA049C8}.Debug|x64.Build.0 = Debug|x64
		{A1507DC2-9C56-4311-99A8-189BFAA049C8}.Debug|x86.ActiveCfg = Debug|Win32
		{A1507DC2-9C56-4311-99A8-189BFAA049C8}.Debug|x86.Build.0 = Debug|Win32
		{A1507DC2-9C56-4311-99A8-189BFAA049C8}.Release|x64.ActiveCfg = Release|x64
		{A1507DC2-9C56-4311-99A8-189BFAA049C8}.Release|x64.Build.0 = Release|x64
		{A1507DC2-9C56-4311-99A8-189BFAA049C8}.Release|x86.ActiveCfg = Release|Win32
		{A1507DC2-9C56-4311-99A8-189BFAA049C8}.Release|x86.Build.0 = Release|Win32
		{6A0886C0-ABD4-4DAE-A093-9C0DB56E3442}.Debug|x64.ActiveCfg = Debug|x64
		{6A0886C0-ABD4-4DAE-A093-9C0DB56E3442}.Debug|x64.Build.0 = Debug|x64
		{6A0886C0-ABD4-4DAE-A093-9C0DB56E3442}.Debug|x86.ActiveCfg = Debug|Win32
		{6A0886C0-ABD4-4DAE-A093-9C0DB56E3442}.Debug|x86.Build.0 = Debug|Win32
		{6A0886C0-ABD4-4DAE-A093-9C0DB56E3442}.Release|x64.ActiveCfg = Release|x64
		{6A0886C0-ABD4-4DAE-A093-9C0DB56E3442}.Release|x64.Build.0 = Release|x64
		{6A0886C0-ABD4-4DAE-A093-9C0DB56E3442}.Release|x86.ActiveCfg = Release|Win32
		{6A0886C0-ABD4-4DAE-A093-9C0DB56E3442}.Release|x86.Build.0 = Release|Win32
	EndGlobalSection
	GlobalSection(SolutionProperties) = preSolution
		HideSolutionNode = FALSE
	EndGlobalSection
EndGlobal
