
Microsoft Visual Studio Solution File, Format Version 12.00
# Visual Studio 14
VisualStudioVersion = 14.0.23107.0
MinimumVisualStudioVersion = 10.0.40219.1
Project("{8BC9CEB8-8B4A-11D0-8D11-00A0C91BC942}") = "01.OverloadSelector", "01.OverloadSelector\01.OverloadSelector.vcxproj", "{3EFC9B23-8F71-469A-81EA-3AEB424AA94F}"
EndProject
Project("{8BC9CEB8-8B4A-11D0-8D11-00A0C91BC942}") = "02.SmatPointer", "02.SmatPointer\02.SmatPointer.vcxproj", "{A579D2F9-D9BF-4EBA-BEC6-F1F07A342266}"
EndProject
Global
	GlobalSection(SolutionConfigurationPlatforms) = preSolution
		Debug|x64 = Debug|x64
		Debug|x86 = Debug|x86
		Release|x64 = Release|x64
		Release|x86 = Release|x86
	EndGlobalSection
	GlobalSection(ProjectConfigurationPlatforms) = postSolution
		{3EFC9B23-8F71-469A-81EA-3AEB424AA94F}.Debug|x64.ActiveCfg = Debug|x64
		{3EFC9B23-8F71-469A-81EA-3AEB424AA94F}.Debug|x64.Build.0 = Debug|x64
		{3EFC9B23-8F71-469A-81EA-3AEB424AA94F}.Debug|x86.ActiveCfg = Debug|Win32
		{3EFC9B23-8F71-469A-81EA-3AEB424AA94F}.Debug|x86.Build.0 = Debug|Win32
		{3EFC9B23-8F71-469A-81EA-3AEB424AA94F}.Release|x64.ActiveCfg = Release|x64
		{3EFC9B23-8F71-469A-81EA-3AEB424AA94F}.Release|x64.Build.0 = Release|x64
		{3EFC9B23-8F71-469A-81EA-3AEB424AA94F}.Release|x86.ActiveCfg = Release|Win32
		{3EFC9B23-8F71-469A-81EA-3AEB424AA94F}.Release|x86.Build.0 = Release|Win32
		{A579D2F9-D9BF-4EBA-BEC6-F1F07A342266}.Debug|x64.ActiveCfg = Debug|x64
		{A579D2F9-D9BF-4EBA-BEC6-F1F07A342266}.Debug|x64.Build.0 = Debug|x64
		{A579D2F9-D9BF-4EBA-BEC6-F1F07A342266}.Debug|x86.ActiveCfg = Debug|Win32
		{A579D2F9-D9BF-4EBA-BEC6-F1F07A342266}.Debug|x86.Build.0 = Debug|Win32
		{A579D2F9-D9BF-4EBA-BEC6-F1F07A342266}.Release|x64.ActiveCfg = Release|x64
		{A579D2F9-D9BF-4EBA-BEC6-F1F07A342266}.Release|x64.Build.0 = Release|x64
		{A579D2F9-D9BF-4EBA-BEC6-F1F07A342266}.Release|x86.ActiveCfg = Release|Win32
		{A579D2F9-D9BF-4EBA-BEC6-F1F07A342266}.Release|x86.Build.0 = Release|Win32
	EndGlobalSection
	GlobalSection(SolutionProperties) = preSolution
		HideSolutionNode = FALSE
	EndGlobalSection
EndGlobal
